
Microsoft Visual Studio Solution File, Format Version 12.00
# Visual Studio 15
VisualStudioVersion = 15.0.28307.1082
MinimumVisualStudioVersion = 10.0.40219.1
Project("{FAE04EC0-301F-11D3-BF4B-00C04F79EFBC}") = "Task1", "Task1\Task1.csproj", "{24835E41-B410-4775-B405-56325C569CBE}"
EndProject
Global
	GlobalSection(SolutionConfigurationPlatforms) = preSolution
		Debug|Any CPU = Debug|Any CPU
		Release|Any CPU = Release|Any CPU
	EndGlobalSection
	GlobalSection(ProjectConfigurationPlatforms) = postSolution
		{24835E41-B410-4775-B405-56325C569CBE}.Debug|Any CPU.ActiveCfg = Debug|Any CPU
		{24835E41-B410-4775-B405-56325C569CBE}.Debug|Any CPU.Build.0 = Debug|Any CPU
		{24835E41-B410-4775-B405-56325C569CBE}.Release|Any CPU.ActiveCfg = Release|Any CPU
		{24835E41-B410-4775-B405-56325C569CBE}.Release|Any CPU.Build.0 = Release|Any CPU
	EndGlobalSection
	GlobalSection(SolutionProperties) = preSolution
		HideSolutionNode = FALSE
	EndGlobalSection
	GlobalSection(ExtensibilityGlobals) = postSolution
		SolutionGuid = {C77A806E-B4FF-4542-AAD2-C0ED2B92C5D3}
	EndGlobalSection
EndGlobal
